{
  "requires": true,
  "lockfileVersion": 1,
  "dependencies": {
    "@organization/validation": {
      "version": "file:packages/validation",
      "requires": {
        "rawmodel": "1.27.0"
      }
    },
    "@types/lodash": {
      "version": "4.14.82",
      "resolved": "https://registry.npmjs.org/@types/lodash/-/lodash-4.14.82.tgz",
      "integrity": "sha512-fhoasvjS6qO4nPEfCD0fonL+BHS3b9ge0LpHxumuDtOuKMvs85OmQldDQzmlGEOZIfyYeo5/sas07+hWWzSJlw=="
    },
    "@types/lodash.isequal": {
      "version": "4.5.2",
      "resolved": "https://registry.npmjs.org/@types/lodash.isequal/-/lodash.isequal-4.5.2.tgz",
      "integrity": "sha512-RBgio5IF9ND5Sw7pIivcC47oLY65f5UQCblnjVoGLR5wykwSRd/q0k6aUroXMGZfu8jnyJbNhzNC+NcFUnJ8pA==",
      "requires": {
        "@types/lodash": "4.14.82"
      }
    },
    "@types/lodash.merge": {
      "version": "4.6.3",
      "resolved": "https://registry.npmjs.org/@types/lodash.merge/-/lodash.merge-4.6.3.tgz",
      "integrity": "sha512-bOCCutkbehfCeiSqJO5XcVKjsJvX28dgvjhs4aMmBAHAsOy2oOJQwHuIZ0elI1E94qQIdEsCvz8oLgUumd6teA==",
      "requires": {
        "@types/lodash": "4.14.82"
      }
    },
    "@types/node": {
      "version": "8.0.49",
      "resolved": "https://registry.npmjs.org/@types/node/-/node-8.0.49.tgz",
      "integrity": "sha512-Oq3cV/mrMKy6Tv42llfS8YIH30ooDdhbJ40h1zoWl+goOJw8Kjy8j8RfjGZtZIUDO0gLwCfcbYM7+LModnbeMw=="
    },
    "handleable": {
      "version": "0.24.0",
      "resolved": "https://registry.npmjs.org/handleable/-/handleable-0.24.0.tgz",
      "integrity": "sha512-tft3G0oIDKnRAzPgBuCOmzl/Lszrbo+R39MZProMrkaRs3uFBemHyfUjXuv2TP9ECEgx+Z0AYl+b7IXhiYuwXw==",
      "requires": {
        "lodash.merge": "4.6.0"
      }
    },
    "lodash.isequal": {
      "version": "4.5.0",
      "resolved": "https://registry.npmjs.org/lodash.isequal/-/lodash.isequal-4.5.0.tgz",
      "integrity": "sha1-QVxEePK8wwEgwizhDtMib30+GOA="
    },
    "lodash.merge": {
      "version": "4.6.0",
      "resolved": "https://registry.npmjs.org/lodash.merge/-/lodash.merge-4.6.0.tgz",
      "integrity": "sha1-aYhLoUSsM/5plzemCG3v+t0PicU="
    },
    "rawmodel": {
      "version": "1.27.0",
      "resolved": "https://registry.npmjs.org/rawmodel/-/rawmodel-1.27.0.tgz",
      "integrity": "sha512-QdYxfOCMDGJZhLXDwCVxw7dK/ichqR3EiaU0x7V+p1vS78dr00taubE7T1li4iRdZNCH/f1/yDGG6u7VIq4/uA==",
      "requires": {
        "@types/lodash.isequal": "4.5.2",
        "@types/lodash.merge": "4.6.3",
        "@types/node": "8.0.49",
        "handleable": "0.24.0",
        "lodash.isequal": "4.5.0",
        "lodash.merge": "4.6.0",
        "typeable": "2.3.1",
        "validatable": "0.30.0"
      }
    },
    "typeable": {
      "version": "2.3.1",
      "resolved": "https://registry.npmjs.org/typeable/-/typeable-2.3.1.tgz",
      "integrity": "sha512-AuBrCEQAwsdFrFN1/C2UoTwSs/8U7Q/THJsMRdRZBRCEdrLJDFTfBS4MbrD3ZsfzYE78cC/0/QU6C7ki9GYz2w=="
    },
    "typescript": {
      "version": "2.6.1",
      "resolved": "https://registry.npmjs.org/typescript/-/typescript-2.6.1.tgz",
      "integrity": "sha1-7znN6ierrAtQAkLWcmq5DgyEZjE=",
      "dev": true
    },
    "validatable": {
      "version": "0.30.0",
      "resolved": "https://registry.npmjs.org/validatable/-/validatable-0.30.0.tgz",
      "integrity": "sha512-u/Xwd0KrG6yBGGxh2vNZd7+R4enLVM23ZknL9NAaqz1BGcx3YTW9+27lifvkPaxkJIjBUrjl4FtRydzb6y+9LA==",
      "requires": {
        "lodash.merge": "4.6.0",
        "typeable": "2.3.1"
      }
    }
  }
}
